
Microsoft Visual Studio Solution File, Format Version 12.00
# Visual Studio Version 17
VisualStudioVersion = 17.0.31903.59
MinimumVisualStudioVersion = 10.0.40219.1
Project("{FAE04EC0-301F-11D3-BF4B-00C04F79EFBC}") = "Pulse.Domain", "Pulse.Domain\Pulse.Domain.csproj", "{86F3AB1B-A41F-4F51-98D8-CAB39B5F21D4}"
EndProject
Project("{FAE04EC0-301F-11D3-BF4B-00C04F79EFBC}") = "Pulse.Application", "Pulse.Application\Pulse.Application.csproj", "{65DE00DD-5E8A-4C43-8609-0BF7D3CCA7CD}"
EndProject
Project("{FAE04EC0-301F-11D3-BF4B-00C04F79EFBC}") = "Pulse.Infrastructure", "Pulse.Infrastructure\Pulse.Infrastructure.csproj", "{7609329B-78CF-4544-8B5A-69E3B6BC7289}"
EndProject
Project("{FAE04EC0-301F-11D3-BF4B-00C04F79EFBC}") = "Pulse.Api", "Pulse.Api\Pulse.Api.csproj", "{85922E5F-4152-4643-9CBF-B5CF480DAAEB}"
EndProject
Project("{FAE04EC0-301F-11D3-BF4B-00C04F79EFBC}") = "Pulse.Workers", "Pulse.Workers\Pulse.Workers.csproj", "{8C23F1F7-A2F3-4310-9801-085052C29F57}"
EndProject
Project("{2150E333-8FDC-42A3-9474-1A3956D46DE8}") = "tests", "tests", "{0AB3BF05-4346-4AA6-1389-037BE0695223}"
EndProject
Project("{FAE04EC0-301F-11D3-BF4B-00C04F79EFBC}") = "Pulse.Domain.Tests", "tests\Pulse.Domain.Tests\Pulse.Domain.Tests.csproj", "{BD5A57E9-EABC-49F9-9F92-6FCE1C47B27E}"
EndProject
Project("{FAE04EC0-301F-11D3-BF4B-00C04F79EFBC}") = "Pulse.Application.Tests", "tests\Pulse.Application.Tests\Pulse.Application.Tests.csproj", "{8BBCD6F6-AF07-43B4-AA64-13E9F0EA2843}"
EndProject
Project("{FAE04EC0-301F-11D3-BF4B-00C04F79EFBC}") = "Pulse.Integration.Tests", "tests\Pulse.Integration.Tests\Pulse.Integration.Tests.csproj", "{9B9E0A88-5F79-49DD-9401-DB954E585BFE}"
EndProject
Global
	GlobalSection(SolutionConfigurationPlatforms) = preSolution
		Debug|Any CPU = Debug|Any CPU
		Debug|x64 = Debug|x64
		Debug|x86 = Debug|x86
		Release|Any CPU = Release|Any CPU
		Release|x64 = Release|x64
		Release|x86 = Release|x86
	EndGlobalSection
	GlobalSection(ProjectConfigurationPlatforms) = postSolution
		{86F3AB1B-A41F-4F51-98D8-CAB39B5F21D4}.Debug|Any CPU.ActiveCfg = Debug|Any CPU
		{86F3AB1B-A41F-4F51-98D8-CAB39B5F21D4}.Debug|Any CPU.Build.0 = Debug|Any CPU
		{86F3AB1B-A41F-4F51-98D8-CAB39B5F21D4}.Debug|x64.ActiveCfg = Debug|Any CPU
		{86F3AB1B-A41F-4F51-98D8-CAB39B5F21D4}.Debug|x64.Build.0 = Debug|Any CPU
		{86F3AB1B-A41F-4F51-98D8-CAB39B5F21D4}.Debug|x86.ActiveCfg = Debug|Any CPU
		{86F3AB1B-A41F-4F51-98D8-CAB39B5F21D4}.Debug|x86.Build.0 = Debug|Any CPU
		{86F3AB1B-A41F-4F51-98D8-CAB39B5F21D4}.Release|Any CPU.ActiveCfg = Release|Any CPU
		{86F3AB1B-A41F-4F51-98D8-CAB39B5F21D4}.Release|Any CPU.Build.0 = Release|Any CPU
		{86F3AB1B-A41F-4F51-98D8-CAB39B5F21D4}.Release|x64.ActiveCfg = Release|Any CPU
		{86F3AB1B-A41F-4F51-98D8-CAB39B5F21D4}.Release|x64.Build.0 = Release|Any CPU
		{86F3AB1B-A41F-4F51-98D8-CAB39B5F21D4}.Release|x86.ActiveCfg = Release|Any CPU
		{86F3AB1B-A41F-4F51-98D8-CAB39B5F21D4}.Release|x86.Build.0 = Release|Any CPU
		{65DE00DD-5E8A-4C43-8609-0BF7D3CCA7CD}.Debug|Any CPU.ActiveCfg = Debug|Any CPU
		{65DE00DD-5E8A-4C43-8609-0BF7D3CCA7CD}.Debug|Any CPU.Build.0 = Debug|Any CPU
		{65DE00DD-5E8A-4C43-8609-0BF7D3CCA7CD}.Debug|x64.ActiveCfg = Debug|Any CPU
		{65DE00DD-5E8A-4C43-8609-0BF7D3CCA7CD}.Debug|x64.Build.0 = Debug|Any CPU
		{65DE00DD-5E8A-4C43-8609-0BF7D3CCA7CD}.Debug|x86.ActiveCfg = Debug|Any CPU
		{65DE00DD-5E8A-4C43-8609-0BF7D3CCA7CD}.Debug|x86.Build.0 = Debug|Any CPU
		{65DE00DD-5E8A-4C43-8609-0BF7D3CCA7CD}.Release|Any CPU.ActiveCfg = Release|Any CPU
		{65DE00DD-5E8A-4C43-8609-0BF7D3CCA7CD}.Release|Any CPU.Build.0 = Release|Any CPU
		{65DE00DD-5E8A-4C43-8609-0BF7D3CCA7CD}.Release|x64.ActiveCfg = Release|Any CPU
		{65DE00DD-5E8A-4C43-8609-0BF7D3CCA7CD}.Release|x64.Build.0 = Release|Any CPU
		{65DE00DD-5E8A-4C43-8609-0BF7D3CCA7CD}.Release|x86.ActiveCfg = Release|Any CPU
		{65DE00DD-5E8A-4C43-8609-0BF7D3CCA7CD}.Release|x86.Build.0 = Release|Any CPU
		{7609329B-78CF-4544-8B5A-69E3B6BC7289}.Debug|Any CPU.ActiveCfg = Debug|Any CPU
		{7609329B-78CF-4544-8B5A-69E3B6BC7289}.Debug|Any CPU.Build.0 = Debug|Any CPU
		{7609329B-78CF-4544-8B5A-69E3B6BC7289}.Debug|x64.ActiveCfg = Debug|Any CPU
		{7609329B-78CF-4544-8B5A-69E3B6BC7289}.Debug|x64.Build.0 = Debug|Any CPU
		{7609329B-78CF-4544-8B5A-69E3B6BC7289}.Debug|x86.ActiveCfg = Debug|Any CPU
		{7609329B-78CF-4544-8B5A-69E3B6BC7289}.Debug|x86.Build.0 = Debug|Any CPU
		{7609329B-78CF-4544-8B5A-69E3B6BC7289}.Release|Any CPU.ActiveCfg = Release|Any CPU
		{7609329B-78CF-4544-8B5A-69E3B6BC7289}.Release|Any CPU.Build.0 = Release|Any CPU
		{7609329B-78CF-4544-8B5A-69E3B6BC7289}.Release|x64.ActiveCfg = Release|Any CPU
		{7609329B-78CF-4544-8B5A-69E3B6BC7289}.Release|x64.Build.0 = Release|Any CPU
		{7609329B-78CF-4544-8B5A-69E3B6BC7289}.Release|x86.ActiveCfg = Release|Any CPU
		{7609329B-78CF-4544-8B5A-69E3B6BC7289}.Release|x86.Build.0 = Release|Any CPU
		{85922E5F-4152-4643-9CBF-B5CF480DAAEB}.Debug|Any CPU.ActiveCfg = Debug|Any CPU
		{85922E5F-4152-4643-9CBF-B5CF480DAAEB}.Debug|Any CPU.Build.0 = Debug|Any CPU
		{85922E5F-4152-4643-9CBF-B5CF480DAAEB}.Debug|x64.ActiveCfg = Debug|Any CPU
		{85922E5F-4152-4643-9CBF-B5CF480DAAEB}.Debug|x64.Build.0 = Debug|Any CPU
		{85922E5F-4152-4643-9CBF-B5CF480DAAEB}.Debug|x86.ActiveCfg = Debug|Any CPU
		{85922E5F-4152-4643-9CBF-B5CF480DAAEB}.Debug|x86.Build.0 = Debug|Any CPU
		{85922E5F-4152-4643-9CBF-B5CF480DAAEB}.Release|Any CPU.ActiveCfg = Release|Any CPU
		{85922E5F-4152-4643-9CBF-B5CF480DAAEB}.Release|Any CPU.Build.0 = Release|Any CPU
		{85922E5F-4152-4643-9CBF-B5CF480DAAEB}.Release|x64.ActiveCfg = Release|Any CPU
		{85922E5F-4152-4643-9CBF-B5CF480DAAEB}.Release|x64.Build.0 = Release|Any CPU
		{85922E5F-4152-4643-9CBF-B5CF480DAAEB}.Release|x86.ActiveCfg = Release|Any CPU
		{85922E5F-4152-4643-9CBF-B5CF480DAAEB}.Release|x86.Build.0 = Release|Any CPU
		{8C23F1F7-A2F3-4310-9801-085052C29F57}.Debug|Any CPU.ActiveCfg = Debug|Any CPU
		{8C23F1F7-A2F3-4310-9801-085052C29F57}.Debug|Any CPU.Build.0 = Debug|Any CPU
		{8C23F1F7-A2F3-4310-9801-085052C29F57}.Debug|x64.ActiveCfg = Debug|Any CPU
		{8C23F1F7-A2F3-4310-9801-085052C29F57}.Debug|x64.Build.0 = Debug|Any CPU
		{8C23F1F7-A2F3-4310-9801-085052C29F57}.Debug|x86.ActiveCfg = Debug|Any CPU
		{8C23F1F7-A2F3-4310-9801-085052C29F57}.Debug|x86.Build.0 = Debug|Any CPU
		{8C23F1F7-A2F3-4310-9801-085052C29F57}.Release|Any CPU.ActiveCfg = Release|Any CPU
		{8C23F1F7-A2F3-4310-9801-085052C29F57}.Release|Any CPU.Build.0 = Release|Any CPU
		{8C23F1F7-A2F3-4310-9801-085052C29F57}.Release|x64.ActiveCfg = Release|Any CPU
		{8C23F1F7-A2F3-4310-9801-085052C29F57}.Release|x64.Build.0 = Release|Any CPU
		{8C23F1F7-A2F3-4310-9801-085052C29F57}.Release|x86.ActiveCfg = Release|Any CPU
		{8C23F1F7-A2F3-4310-9801-085052C29F57}.Release|x86.Build.0 = Release|Any CPU
		{BD5A57E9-EABC-49F9-9F92-6FCE1C47B27E}.Debug|Any CPU.ActiveCfg = Debug|Any CPU
		{BD5A57E9-EABC-49F9-9F92-6FCE1C47B27E}.Debug|Any CPU.Build.0 = Debug|Any CPU
		{BD5A57E9-EABC-49F9-9F92-6FCE1C47B27E}.Debug|x64.ActiveCfg = Debug|Any CPU
		{BD5A57E9-EABC-49F9-9F92-6FCE1C47B27E}.Debug|x64.Build.0 = Debug|Any CPU
		{BD5A57E9-EABC-49F9-9F92-6FCE1C47B27E}.Debug|x86.ActiveCfg = Debug|Any CPU
		{BD5A57E9-EABC-49F9-9F92-6FCE1C47B27E}.Debug|x86.Build.0 = Debug|Any CPU
		{BD5A57E9-EABC-49F9-9F92-6FCE1C47B27E}.Release|Any CPU.ActiveCfg = Release|Any CPU
		{BD5A57E9-EABC-49F9-9F92-6FCE1C47B27E}.Release|Any CPU.Build.0 = Release|Any CPU
		{BD5A57E9-EABC-49F9-9F92-6FCE1C47B27E}.Release|x64.ActiveCfg = Release|Any CPU
		{BD5A57E9-EABC-49F9-9F92-6FCE1C47B27E}.Release|x64.Build.0 = Release|Any CPU
		{BD5A57E9-EABC-49F9-9F92-6FCE1C47B27E}.Release|x86.ActiveCfg = Release|Any CPU
		{BD5A57E9-EABC-49F9-9F92-6FCE1C47B27E}.Release|x86.Build.0 = Release|Any CPU
		{8BBCD6F6-AF07-43B4-AA64-13E9F0EA2843}.Debug|Any CPU.ActiveCfg = Debug|Any CPU
		{8BBCD6F6-AF07-43B4-AA64-13E9F0EA2843}.Debug|Any CPU.Build.0 = Debug|Any CPU
		{8BBCD6F6-AF07-43B4-AA64-13E9F0EA2843}.Debug|x64.ActiveCfg = Debug|Any CPU
		{8BBCD6F6-AF07-43B4-AA64-13E9F0EA2843}.Debug|x64.Build.0 = Debug|Any CPU
		{8BBCD6F6-AF07-43B4-AA64-13E9F0EA2843}.Debug|x86.ActiveCfg = Debug|Any CPU
		{8BBCD6F6-AF07-43B4-AA64-13E9F0EA2843}.Debug|x86.Build.0 = Debug|Any CPU
		{8BBCD6F6-AF07-43B4-AA64-13E9F0EA2843}.Release|Any CPU.ActiveCfg = Release|Any CPU
		{8BBCD6F6-AF07-43B4-AA64-13E9F0EA2843}.Release|Any CPU.Build.0 = Release|Any CPU
		{8BBCD6F6-AF07-43B4-AA64-13E9F0EA2843}.Release|x64.ActiveCfg = Release|Any CPU
		{8BBCD6F6-AF07-43B4-AA64-13E9F0EA2843}.Release|x64.Build.0 = Release|Any CPU
		{8BBCD6F6-AF07-43B4-AA64-13E9F0EA2843}.Release|x86.ActiveCfg = Release|Any CPU
		{8BBCD6F6-AF07-43B4-AA64-13E9F0EA2843}.Release|x86.Build.0 = Release|Any CPU
		{9B9E0A88-5F79-49DD-9401-DB954E585BFE}.Debug|Any CPU.ActiveCfg = Debug|Any CPU
		{9B9E0A88-5F79-49DD-9401-DB954E585BFE}.Debug|Any CPU.Build.0 = Debug|Any CPU
		{9B9E0A88-5F79-49DD-9401-DB954E585BFE}.Debug|x64.ActiveCfg = Debug|Any CPU
		{9B9E0A88-5F79-49DD-9401-DB954E585BFE}.Debug|x64.Build.0 = Debug|Any CPU
		{9B9E0A88-5F79-49DD-9401-DB954E585BFE}.Debug|x86.ActiveCfg = Debug|Any CPU
		{9B9E0A88-5F79-49DD-9401-DB954E585BFE}.Debug|x86.Build.0 = Debug|Any CPU
		{9B9E0A88-5F79-49DD-9401-DB954E585BFE}.Release|Any CPU.ActiveCfg = Release|Any CPU
		{9B9E0A88-5F79-49DD-9401-DB954E585BFE}.Release|Any CPU.Build.0 = Release|Any CPU
		{9B9E0A88-5F79-49DD-9401-DB954E585BFE}.Release|x64.ActiveCfg = Release|Any CPU
		{9B9E0A88-5F79-49DD-9401-DB954E585BFE}.Release|x64.Build.0 = Release|Any CPU
		{9B9E0A88-5F79-49DD-9401-DB954E585BFE}.Release|x86.ActiveCfg = Release|Any CPU
		{9B9E0A88-5F79-49DD-9401-DB954E585BFE}.Release|x86.Build.0 = Release|Any CPU
	EndGlobalSection
	GlobalSection(SolutionProperties) = preSolution
		HideSolutionNode = FALSE
	EndGlobalSection
	GlobalSection(NestedProjects) = preSolution
		{BD5A57E9-EABC-49F9-9F92-6FCE1C47B27E} = {0AB3BF05-4346-4AA6-1389-037BE0695223}
		{8BBCD6F6-AF07-43B4-AA64-13E9F0EA2843} = {0AB3BF05-4346-4AA6-1389-037BE0695223}
		{9B9E0A88-5F79-49DD-9401-DB954E585BFE} = {0AB3BF05-4346-4AA6-1389-037BE0695223}
	EndGlobalSection
EndGlobal
